
Microsoft Visual Studio Solution File, Format Version 12.00
# Visual Studio 15
VisualStudioVersion = 15.0.27703.2042
MinimumVisualStudioVersion = 10.0.40219.1
Project("{FAE04EC0-301F-11D3-BF4B-00C04F79EFBC}") = "TodoApi", "TodoApi\TodoApi.csproj", "{CE8345C7-6C93-4986-8E9F-3A9BAE3F143D}"
EndProject
Global
	GlobalSection(SolutionConfigurationPlatforms) = preSolution
		Debug|Any CPU = Debug|Any CPU
		Release|Any CPU = Release|Any CPU
	EndGlobalSection
	GlobalSection(ProjectConfigurationPlatforms) = postSolution
		{CE8345C7-6C93-4986-8E9F-3A9BAE3F143D}.Debug|Any CPU.ActiveCfg = Debug|Any CPU
		{CE8345C7-6C93-4986-8E9F-3A9BAE3F143D}.Debug|Any CPU.Build.0 = Debug|Any CPU
		{CE8345C7-6C93-4986-8E9F-3A9BAE3F143D}.Release|Any CPU.ActiveCfg = Release|Any CPU
		{CE8345C7-6C93-4986-8E9F-3A9BAE3F143D}.Release|Any CPU.Build.0 = Release|Any CPU
	EndGlobalSection
	GlobalSection(SolutionProperties) = preSolution
		HideSolutionNode = FALSE
	EndGlobalSection
	GlobalSection(ExtensibilityGlobals) = postSolution
		SolutionGuid = {A1E94A54-9EDF-4BDB-989E-0F18B5C01B50}
	EndGlobalSection
EndGlobal
